
Microsoft Visual Studio Solution File, Format Version 12.00
# Visual Studio Version 17
VisualStudioVersion = 17.9.34723.18
MinimumVisualStudioVersion = 10.0.40219.1
Project("{8BC9CEB8-8B4A-11D0-8D11-00A0C91BC942}") = "SetWindowsHook", "SetWindowsHook\SetWindowsHook.vcxproj", "{A58D20DF-B900-492E-9EE9-399E2345523B}"
EndProject
Project("{8BC9CEB8-8B4A-11D0-8D11-00A0C91BC942}") = "KeyHook", "KeyHook\KeyHook.vcxproj", "{113F7089-FF01-416D-9A7B-56309198EA0A}"
EndProject
Global
	GlobalSection(SolutionConfigurationPlatforms) = preSolution
		Debug|x64 = Debug|x64
		Debug|x86 = Debug|x86
		Release|x64 = Release|x64
		Release|x86 = Release|x86
	EndGlobalSection
	GlobalSection(ProjectConfigurationPlatforms) = postSolution
		{A58D20DF-B900-492E-9EE9-399E2345523B}.Debug|x64.ActiveCfg = Debug|x64
		{A58D20DF-B900-492E-9EE9-399E2345523B}.Debug|x64.Build.0 = Debug|x64
		{A58D20DF-B900-492E-9EE9-399E2345523B}.Debug|x86.ActiveCfg = Debug|Win32
		{A58D20DF-B900-492E-9EE9-399E2345523B}.Debug|x86.Build.0 = Debug|Win32
		{A58D20DF-B900-492E-9EE9-399E2345523B}.Release|x64.ActiveCfg = Release|x64
		{A58D20DF-B900-492E-9EE9-399E2345523B}.Release|x64.Build.0 = Release|x64
		{A58D20DF-B900-492E-9EE9-399E2345523B}.Release|x86.ActiveCfg = Release|Win32
		{A58D20DF-B900-492E-9EE9-399E2345523B}.Release|x86.Build.0 = Release|Win32
		{113F7089-FF01-416D-9A7B-56309198EA0A}.Debug|x64.ActiveCfg = Debug|x64
		{113F7089-FF01-416D-9A7B-56309198EA0A}.Debug|x64.Build.0 = Debug|x64
		{113F7089-FF01-416D-9A7B-56309198EA0A}.Debug|x86.ActiveCfg = Debug|Win32
		{113F7089-FF01-416D-9A7B-56309198EA0A}.Debug|x86.Build.0 = Debug|Win32
		{113F7089-FF01-416D-9A7B-56309198EA0A}.Release|x64.ActiveCfg = Release|x64
		{113F7089-FF01-416D-9A7B-56309198EA0A}.Release|x64.Build.0 = Release|x64
		{113F7089-FF01-416D-9A7B-56309198EA0A}.Release|x86.ActiveCfg = Release|Win32
		{113F7089-FF01-416D-9A7B-56309198EA0A}.Release|x86.Build.0 = Release|Win32
	EndGlobalSection
	GlobalSection(SolutionProperties) = preSolution
		HideSolutionNode = FALSE
	EndGlobalSection
	GlobalSection(ExtensibilityGlobals) = postSolution
		SolutionGuid = {53664617-3AF2-4C21-B9B0-C466D08F7650}
	EndGlobalSection
EndGlobal
